Microsoft Visual Studio Solution File, Format Version 12.00
# Visual Studio Version 16
VisualStudioVersion = 16.0.36631.11
MinimumVisualStudioVersion = 10.0.40219.1
Project("{FAE04EC0-301F-11D3-BF4B-00C04F79EFBC}") = "Bank", "Bank.csproj", "{AE64DDB7-892C-4C58-AF09-1FF08C7CA0A9}"
EndProject
Project("{FAE04EC0-301F-11D3-BF4B-00C04F79EFBC}") = "Banking", "..\Banking\Banking.csproj", "{BABF198F-493B-4629-A263-18305E22146A}"
EndProject
Global
	GlobalSection(SolutionConfigurationPlatforms) = preSolution
		Debug|Any CPU = Debug|Any CPU
		Release|Any CPU = Release|Any CPU
	EndGlobalSection
	GlobalSection(ProjectConfigurationPlatforms) = postSolution
		{AE64DDB7-892C-4C58-AF09-1FF08C7CA0A9}.Debug|Any CPU.ActiveCfg = Debug|Any CPU
		{AE64DDB7-892C-4C58-AF09-1FF08C7CA0A9}.Debug|Any CPU.Build.0 = Debug|Any CPU
		{AE64DDB7-892C-4C58-AF09-1FF08C7CA0A9}.Release|Any CPU.ActiveCfg = Release|Any CPU
		{AE64DDB7-892C-4C58-AF09-1FF08C7CA0A9}.Release|Any CPU.Build.0 = Release|Any CPU
		{BABF198F-493B-4629-A263-18305E22146A}.Debug|Any CPU.ActiveCfg = Debug|Any CPU
		{BABF198F-493B-4629-A263-18305E22146A}.Debug|Any CPU.Build.0 = Debug|Any CPU
		{BABF198F-493B-4629-A263-18305E22146A}.Release|Any CPU.ActiveCfg = Release|Any CPU
		{BABF198F-493B-4629-A263-18305E22146A}.Release|Any CPU.Build.0 = Release|Any CPU
	EndGlobalSection
	GlobalSection(SolutionProperties) = preSolution
		HideSolutionNode = FALSE
	EndGlobalSection
	GlobalSection(ExtensibilityGlobals) = postSolution
		SolutionGuid = {5EC79A90-5294-4B24-B9A5-C8A1D35E4124}
	EndGlobalSection
EndGlobal
